Microsoft Visual Studio Solution File, Format Version 11.00
# Visual Studio 2010
Project("{FAE04EC0-301F-11D3-BF4B-00C04F79EFBC}") = "Assembly-CSharp", "Assembly-CSharp.csproj", "{AF0DC098-D517-B4BB-E998-E93D250E245C}"
EndProject
Project("{FAE04EC0-301F-11D3-BF4B-00C04F79EFBC}") = "Assembly-CSharp-Editor", "Assembly-CSharp-Editor.csproj", "{0755CE68-DA87-7727-0120-5802C92D1F40}"
EndProject
Global
	GlobalSection(SolutionConfigurationPlatforms) = preSolution
		Debug|Any CPU = Debug|Any CPU
		Release|Any CPU = Release|Any CPU
	EndGlobalSection
	GlobalSection(ProjectConfigurationPlatforms) = postSolution
		{AF0DC098-D517-B4BB-E998-E93D250E245C}.Debug|Any CPU.ActiveCfg = Debug|Any CPU
		{AF0DC098-D517-B4BB-E998-E93D250E245C}.Debug|Any CPU.Build.0 = Debug|Any CPU
		{AF0DC098-D517-B4BB-E998-E93D250E245C}.Release|Any CPU.ActiveCfg = Release|Any CPU
		{AF0DC098-D517-B4BB-E998-E93D250E245C}.Release|Any CPU.Build.0 = Release|Any CPU
		{0755CE68-DA87-7727-0120-5802C92D1F40}.Debug|Any CPU.ActiveCfg = Debug|Any CPU
		{0755CE68-DA87-7727-0120-5802C92D1F40}.Debug|Any CPU.Build.0 = Debug|Any CPU
		{0755CE68-DA87-7727-0120-5802C92D1F40}.Release|Any CPU.ActiveCfg = Release|Any CPU
		{0755CE68-DA87-7727-0120-5802C92D1F40}.Release|Any CPU.Build.0 = Release|Any CPU
	EndGlobalSection
	GlobalSection(SolutionProperties) = preSolution
		HideSolutionNode = FALSE
	EndGlobalSection
	GlobalSection(MonoDevelopProperties) = preSolution
		StartupItem = Assembly-CSharp.csproj
	EndGlobalSection
EndGlobal
